// !$*UTF8*$!
{
	archiveVersion = 1;
	classes = {
	};
	objectVersion = 56;
	objects = {

/* Begin PBXBuildFile section */
		B99DA85E29E1351E004CA61A /* AppDelegate.swift in Sources */ = {isa = PBXBuildFile; fileRef = B99DA85D29E1351E004CA61A /* AppDelegate.swift */; };
		B99DA86029E1351E004CA61A /* SceneDelegate.swift in Sources */ = {isa = PBXBuildFile; fileRef = B99DA85F29E1351E004CA61A /* SceneDelegate.swift */; };
		B99DA86229E1351E004CA61A /* ViewController.swift in Sources */ = {isa = PBXBuildFile; fileRef = B99DA86129E1351E004CA61A /* ViewController.swift */; };
		B99DA86529E1351E004CA61A /* Main.storyboard in Resources */ = {isa = PBXBuildFile; fileRef = B99DA86329E1351E004CA61A /* Main.storyboard */; };
		B99DA86729E1351F004CA61A /* Assets.xcassets in Resources */ = {isa = PBXBuildFile; fileRef = B99DA86629E1351F004CA61A /* Assets.xcassets */; };
		B99DA86A29E1351F004CA61A /* LaunchScreen.storyboard in Resources */ = {isa = PBXBuildFile; fileRef = B99DA86829E1351F004CA61A /* LaunchScreen.storyboard */; };
		B99DA87229E141AF004CA61A /* LocationData.swift in Sources */ = {isa = PBXBuildFile; fileRef = B99DA87129E141AF004CA61A /* LocationData.swift */; };
		D460EFA84983681FD2CD0A8E /* Pods_Weather_API_in_iOS.framework in Frameworks */ = {isa = PBXBuildFile; fileRef = DA703307814EB28839A549D0 /* Pods_Weather_API_in_iOS.framework */; };
/* End PBXBuildFile section */

/* Begin PBXFileReference section */
		60B499D483DC2718600B6CE9 /* Pods-Weather API in iOS.debug.xcconfig */ = {isa = PBXFileReference; includeInIndex = 1; lastKnownFileType = text.xcconfig; name = "Pods-Weather API in iOS.debug.xcconfig"; path = "Target Support Files/Pods-Weather API in iOS/Pods-Weather API in iOS.debug.xcconfig"; sourceTree = "<group>"; };
		7FEFC64579C0149A9D2390A5 /* Pods-Weather API in iOS.release.xcconfig */ = {isa = PBXFileReference; includeInIndex = 1; lastKnownFileType = text.xcconfig; name = "Pods-Weather API in iOS.release.xcconfig"; path = "Target Support Files/Pods-Weather API in iOS/Pods-Weather API in iOS.release.xcconfig"; sourceTree = "<group>"; };
		B99DA85A29E1351E004CA61A /* Weather API in iOS.app */ = {isa = PBXFileReference; explicitFileType = wrapper.application; includeInIndex = 0; path = "Weather API in iOS.app"; sourceTree = BUILT_PRODUCTS_DIR; };
		B99DA85D29E1351E004CA61A /* AppDelegate.swift */ = {isa = PBXFileReference; lastKnownFileType = sourcecode.swift; path = AppDelegate.swift; sourceTree = "<group>"; };
		B99DA85F29E1351E004CA61A /* SceneDelegate.swift */ = {isa = PBXFileReference; lastKnownFileType = sourcecode.swift; path = SceneDelegate.swift; sourceTree = "<group>"; };
		B99DA86129E1351E004CA61A /* ViewController.swift */ = {isa = PBXFileReference; lastKnownFileType = sourcecode.swift; path = ViewController.swift; sourceTree = "<group>"; };
		B99DA86429E1351E004CA61A /* Base */ = {isa = PBXFileReference; lastKnownFileType = file.storyboard; name = Base; path = Base.lproj/Main.storyboard; sourceTree = "<group>"; };
		B99DA86629E1351F004CA61A /* Assets.xcassets */ = {isa = PBXFileReference; lastKnownFileType = folder.assetcatalog; path = Assets.xcassets; sourceTree = "<group>"; };
		B99DA86929E1351F004CA61A /* Base */ = {isa = PBXFileReference; lastKnownFileType = file.storyboard; name = Base; path = Base.lproj/LaunchScreen.storyboard; sourceTree = "<group>"; };
		B99DA86B29E1351F004CA61A /* Info.plist */ = {isa = PBXFileReference; lastKnownFileType = text.plist.xml; path = Info.plist; sourceTree = "<group>"; };
		B99DA87129E141AF004CA61A /* LocationData.swift */ = {isa = PBXFileReference; lastKnownFileType = sourcecode.swift; path = LocationData.swift; sourceTree = "<group>"; };
		DA703307814EB28839A549D0 /* Pods_Weather_API_in_iOS.framework */ = {isa = PBXFileReference; explicitFileType = wrapper.framework; includeInIndex = 0; path = Pods_Weather_API_in_iOS.framework; sourceTree = BUILT_PRODUCTS_DIR; };
/* End PBXFileReference section */

/* Begin PBXFrameworksBuildPhase section */
		B99DA85729E1351E004CA61A /* Frameworks */ = {
			isa = PBXFrameworksBuildPhase;
			buildActionMask = 2147483647;
			files = (
				D460EFA84983681FD2CD0A8E /* Pods_Weather_API_in_iOS.framework in Frameworks */,
			);
			runOnlyForDeploymentPostprocessing = 0;
		};
/* End PBXFrameworksBuildPhase section */

/* Begin PBXGroup section */
		18B5B9BD91D951AADF4BE0AB /* Pods */ = {
			isa = PBXGroup;
			children = (
				60B499D483DC2718600B6CE9 /* Pods-Weather API in iOS.debug.xcconfig */,
				7FEFC64579C0149A9D2390A5 /* Pods-Weather API in iOS.release.xcconfig */,
			);
			name = Pods;
			path = Pods;
			sourceTree = "<group>";
		};
		59102DB5298B805BFB9A649B /* Frameworks */ = {
			isa = PBXGroup;
			children = (
				DA703307814EB28839A549D0 /* Pods_Weather_API_in_iOS.framework */,
			);
			name = Frameworks;
			sourceTree = "<group>";
		};
		B99DA85129E1351E004CA61A = {
			isa = PBXGroup;
			children = (
				B99DA85C29E1351E004CA61A /* Weather API in iOS */,
				B99DA85B29E1351E004CA61A /* Products */,
				18B5B9BD91D951AADF4BE0AB /* Pods */,
				59102DB5298B805BFB9A649B /* Frameworks */,
			);
			sourceTree = "<group>";
		};
		B99DA85B29E1351E004CA61A /* Products */ = {
			isa = PBXGroup;
			children = (
				B99DA85A29E1351E004CA61A /* Weather API in iOS.app */,
			);
			name = Products;
			sourceTree = "<group>";
		};
		B99DA85C29E1351E004CA61A /* Weather API in iOS */ = {
			isa = PBXGroup;
			children = (
				B99DA85D29E1351E004CA61A /* AppDelegate.swift */,
				B99DA85F29E1351E004CA61A /* SceneDelegate.swift */,
				B99DA86129E1351E004CA61A /* ViewController.swift */,
				B99DA87129E141AF004CA61A /* LocationData.swift */,
				B99DA86329E1351E004CA61A /* Main.storyboard */,
				B99DA86629E1351F004CA61A /* Assets.xcassets */,
				B99DA86829E1351F004CA61A /* LaunchScreen.storyboard */,
				B99DA86B29E1351F004CA61A /* Info.plist */,
			);
			path = "Weather API in iOS";
			sourceTree = "<group>";
		};
/* End PBXGroup section */

/* Begin PBXNativeTarget section */
		B99DA85929E1351E004CA61A /* Weather API in iOS */ = {
			isa = PBXNativeTarget;
			buildConfigurationList = B99DA86E29E1351F004CA61A /* Build configuration list for PBXNativeTarget "Weather API in iOS" */;
			buildPhases = (
				31170E5CA0DC14EAB446683B /* [CP] Check Pods Manifest.lock */,
				B99DA85629E1351E004CA61A /* Sources */,
				B99DA85729E1351E004CA61A /* Frameworks */,
				B99DA85829E1351E004CA61A /* Resources */,
				A43DC3B4007E48A7CA2BDBA9 /* [CP] Embed Pods Frameworks */,
			);
			buildRules = (
			);
			dependencies = (
			);
			name = "Weather API in iOS";
			productName = "Weather API in iOS";
			productReference = B99DA85A29E1351E004CA61A /* Weather API in iOS.app */;
			productType = "com.apple.product-type.application";
		};
/* End PBXNativeTarget section */

/* Begin PBXProject section */
		B99DA85229E1351E004CA61A /* Project object */ = {
			isa = PBXProject;
			attributes = {
				BuildIndependentTargetsInParallel = 1;
				LastSwiftUpdateCheck = 1430;
				LastUpgradeCheck = 1430;
				TargetAttributes = {
					B99DA85929E1351E004CA61A = {
						CreatedOnToolsVersion = 14.3;
					};
				};
			};
			buildConfigurationList = B99DA85529E1351E004CA61A /* Build configuration list for PBXProject "Weather API in iOS" */;
			compatibilityVersion = "Xcode 14.0";
			developmentRegion = en;
			hasScannedForEncodings = 0;
			knownRegions = (
				en,
				Base,
			);
			mainGroup = B99DA85129E1351E004CA61A;
			productRefGroup = B99DA85B29E1351E004CA61A /* Products */;
			projectDirPath = "";
			projectRoot = "";
			targets = (
				B99DA85929E1351E004CA61A /* Weather API in iOS */,
			);
		};
/* End PBXProject section */

/* Begin PBXResourcesBuildPhase section */
		B99DA85829E1351E004CA61A /* Resources */ = {
			isa = PBXResourcesBuildPhase;
			buildActionMask = 2147483647;
			files = (
				B99DA86A29E1351F004CA61A /* LaunchScreen.storyboard in Resources */,
				B99DA86729E1351F004CA61A /* Assets.xcassets in Resources */,
				B99DA86529E1351E004CA61A /* Main.storyboard in Resources */,
			);
			runOnlyForDeploymentPostprocessing = 0;
		};
/* End PBXResourcesBuildPhase section */

/* Begin PBXShellScriptBuildPhase section */
		31170E5CA0DC14EAB446683B /* [CP] Check Pods Manifest.lock */ = {
			isa = PBXShellScriptBuildPhase;
			buildActionMask = 2147483647;
			files = (
			);
			inputFileListPaths = (
			);
			inputPaths = (
				"${PODS_PODFILE_DIR_PATH}/Podfile.lock",
				"${PODS_ROOT}/Manifest.lock",
			);
			name = "[CP] Check Pods Manifest.lock";
			outputFileListPaths = (
			);
			outputPaths = (
				"$(DERIVED_FILE_DIR)/Pods-Weather API in iOS-checkManifestLockResult.txt",
			);
			runOnlyForDeploymentPostprocessing = 0;
			shellPath = /bin/sh;
			shellScript = "diff \"${PODS_PODFILE_DIR_PATH}/Podfile.lock\" \"${PODS_ROOT}/Manifest.lock\" > /dev/null\nif [ $? != 0 ] ; then\n    # print error to STDERR\n    echo \"error: The sandbox is not in sync with the Podfile.lock. Run 'pod install' or update your CocoaPods installation.\" >&2\n    exit 1\nfi\n# This output is used by Xcode 'outputs' to avoid re-running this script phase.\necho \"SUCCESS\" > \"${SCRIPT_OUTPUT_FILE_0}\"\n";
			showEnvVarsInLog = 0;
		};
		A43DC3B4007E48A7CA2BDBA9 /* [CP] Embed Pods Frameworks */ = {
			isa = PBXShellScriptBuildPhase;
			buildActionMask = 2147483647;
			files = (
			);
			inputFileListPaths = (
				"${PODS_ROOT}/Target Support Files/Pods-Weather API in iOS/Pods-Weather API in iOS-frameworks-${CONFIGURATION}-input-files.xcfilelist",
			);
			name = "[CP] Embed Pods Frameworks";
			outputFileListPaths = (
				"${PODS_ROOT}/Target Support Files/Pods-Weather API in iOS/Pods-Weather API in iOS-frameworks-${CONFIGURATION}-output-files.xcfilelist",
			);
			runOnlyForDeploymentPostprocessing = 0;
			shellPath = /bin/sh;
			shellScript = "\"${PODS_ROOT}/Target Support Files/Pods-Weather API in iOS/Pods-Weather API in iOS-frameworks.sh\"\n";
			showEnvVarsInLog = 0;
		};
/* End PBXShellScriptBuildPhase section */

/* Begin PBXSourcesBuildPhase section */
		B99DA85629E1351E004CA61A /* Sources */ = {
			isa = PBXSourcesBuildPhase;
			buildActionMask = 2147483647;
			files = (
				B99DA87229E141AF004CA61A /* LocationData.swift in Sources */,
				B99DA86229E1351E004CA61A /* ViewController.swift in Sources */,
				B99DA85E29E1351E004CA61A /* AppDelegate.swift in Sources */,
				B99DA86029E1351E004CA61A /* SceneDelegate.swift in Sources */,
			);
			runOnlyForDeploymentPostprocessing = 0;
		};
/* End PBXSourcesBuildPhase section */

/* Begin PBXVariantGroup section */
		B99DA86329E1351E004CA61A /* Main.storyboard */ = {
			isa = PBXVariantGroup;
			children = (
				B99DA86429E1351E004CA61A /* Base */,
			);
			name = Main.storyboard;
			sourceTree = "<group>";
		};
		B99DA86829E1351F004CA61A /* LaunchScreen.storyboard */ = {
			isa = PBXVariantGroup;
			children = (
				B99DA86929E1351F004CA61A /* Base */,
			);
			name = LaunchScreen.storyboard;
			sourceTree = "<group>";
		};
/* End PBXVariantGroup section */

/* Begin XCBuildConfiguration section */
		B99DA86C29E1351F004CA61A /* Debug */ = {
			isa = XCBuildConfiguration;
			buildSettings = {
				ALWAYS_SEARCH_USER_PATHS = NO;
				CLANG_ANALYZER_NONNULL = YES;
				CLANG_ANALYZER_NUMBER_OBJECT_CONVERSION = YES_AGGRESSIVE;
				CLANG_CXX_LANGUAGE_STANDARD = "gnu++20";
				CLANG_ENABLE_MODULES = YES;
				CLANG_ENABLE_OBJC_ARC = YES;
				CLANG_ENABLE_OBJC_WEAK = YES;
				CLANG_WARN_BLOCK_CAPTURE_AUTORELEASING = YES;
				CLANG_WARN_BOOL_CONVERSION = YES;
				CLANG_WARN_COMMA = YES;
				CLANG_WARN_CONSTANT_CONVERSION = YES;
				CLANG_WARN_DEPRECATED_OBJC_IMPLEMENTATIONS = YES;
				CLANG_WARN_DIRECT_OBJC_ISA_USAGE = YES_ERROR;
				CLANG_WARN_DOCUMENTATION_COMMENTS = YES;
				CLANG_WARN_EMPTY_BODY = YES;
				CLANG_WARN_ENUM_CONVERSION = YES;
				CLANG_WARN_INFINITE_RECURSION = YES;
				CLANG_WARN_INT_CONVERSION = YES;
				CLANG_WARN_NON_LITERAL_NULL_CONVERSION = YES;
				CLANG_WARN_OBJC_IMPLICIT_RETAIN_SELF = YES;
				CLANG_WARN_OBJC_LITERAL_CONVERSION = YES;
				CLANG_WARN_OBJC_ROOT_CLASS = YES_ERROR;
				CLANG_WARN_QUOTED_INCLUDE_IN_FRAMEWORK_HEADER = YES;
				CLANG_WARN_RANGE_LOOP_ANALYSIS = YES;
				CLANG_WARN_STRICT_PROTOTYPES = YES;
				CLANG_WARN_SUSPICIOUS_MOVE = YES;
				CLANG_WARN_UNGUARDED_AVAILABILITY = YES_AGGRESSIVE;
				CLANG_WARN_UNREACHABLE_CODE = YES;
				CLANG_WARN__DUPLICATE_METHOD_MATCH = YES;
				COPY_PHASE_STRIP = NO;
				DEBUG_INFORMATION_FORMAT = dwarf;
				ENABLE_STRICT_OBJC_MSGSEND = YES;
				ENABLE_TESTABILITY = YES;
				GCC_C_LANGUAGE_STANDARD = gnu11;
				GCC_DYNAMIC_NO_PIC = NO;
				GCC_NO_COMMON_BLOCKS = YES;
				GCC_OPTIMIZATION_LEVEL = 0;
				GCC_PREPROCESSOR_DEFINITIONS = (
					"DEBUG=1",
					"$(inherited)",
				);
				GCC_WARN_64_TO_32_BIT_CONVERSION = YES;
				GCC_WARN_ABOUT_RETURN_TYPE = YES_ERROR;
				GCC_WARN_UNDECLARED_SELECTOR = YES;
				GCC_WARN_UNINITIALIZED_AUTOS = YES_AGGRESSIVE;
				GCC_WARN_UNUSED_FUNCTION = YES;
				GCC_WARN_UNUSED_VARIABLE = YES;
				IPHONEOS_DEPLOYMENT_TARGET = 16.4;
				MTL_ENABLE_DEBUG_INFO = INCLUDE_SOURCE;
				MTL_FAST_MATH = YES;
				ONLY_ACTIVE_ARCH = YES;
				SDKROOT = iphoneos;
				SWIFT_ACTIVE_COMPILATION_CONDITIONS = DEBUG;
				SWIFT_OPTIMIZATION_LEVEL = "-Onone";
			};
			name = Debug;
		};
		B99DA86D29E1351F004CA61A /* Release */ = {
			isa = XCBuildConfiguration;
			buildSettings = {
				ALWAYS_SEARCH_USER_PATHS = NO;
				CLANG_ANALYZER_NONNULL = YES;
				CLANG_ANALYZER_NUMBER_OBJECT_CONVERSION = YES_AGGRESSIVE;
				CLANG_CXX_LANGUAGE_STANDARD = "gnu++20";
				CLANG_ENABLE_MODULES = YES;
				CLANG_ENABLE_OBJC_ARC = YES;
				CLANG_ENABLE_OBJC_WEAK = YES;
				CLANG_WARN_BLOCK_CAPTURE_AUTORELEASING = YES;
				CLANG_WARN_BOOL_CONVERSION = YES;
				CLANG_WARN_COMMA = YES;
				CLANG_WARN_CONSTANT_CONVERSION = YES;
				CLANG_WARN_DEPRECATED_OBJC_IMPLEMENTATIONS = YES;
				CLANG_WARN_DIRECT_OBJC_ISA_USAGE = YES_ERROR;
				CLANG_WARN_DOCUMENTATION_COMMENTS = YES;
				CLANG_WARN_EMPTY_BODY = YES;
				CLANG_WARN_ENUM_CONVERSION = YES;
				CLANG_WARN_INFINITE_RECURSION = YES;
				CLANG_WARN_INT_CONVERSION = YES;
				CLANG_WARN_NON_LITERAL_NULL_CONVERSION = YES;
				CLANG_WARN_OBJC_IMPLICIT_RETAIN_SELF = YES;
				CLANG_WARN_OBJC_LITERAL_CONVERSION = YES;
				CLANG_WARN_OBJC_ROOT_CLASS = YES_ERROR;
				CLANG_WARN_QUOTED_INCLUDE_IN_FRAMEWORK_HEADER = YES;
				CLANG_WARN_RANGE_LOOP_ANALYSIS = YES;
				CLANG_WARN_STRICT_PROTOTYPES = YES;
				CLANG_WARN_SUSPICIOUS_MOVE = YES;
				CLANG_WARN_UNGUARDED_AVAILABILITY = YES_AGGRESSIVE;
				CLANG_WARN_UNREACHABLE_CODE = YES;
				CLANG_WARN__DUPLICATE_METHOD_MATCH = YES;
				COPY_PHASE_STRIP = NO;
				DEBUG_INFORMATION_FORMAT = "dwarf-with-dsym";
				ENABLE_NS_ASSERTIONS = NO;
				ENABLE_STRICT_OBJC_MSGSEND = YES;
				GCC_C_LANGUAGE_STANDARD = gnu11;
				GCC_NO_COMMON_BLOCKS = YES;
				GCC_WARN_64_TO_32_BIT_CONVERSION = YES;
				GCC_WARN_ABOUT_RETURN_TYPE = YES_ERROR;
				GCC_WARN_UNDECLARED_SELECTOR = YES;
				GCC_WARN_UNINITIALIZED_AUTOS = YES_AGGRESSIVE;
				GCC_WARN_UNUSED_FUNCTION = YES;
				GCC_WARN_UNUSED_VARIABLE = YES;
				IPHONEOS_DEPLOYMENT_TARGET = 16.4;
				MTL_ENABLE_DEBUG_INFO = NO;
				MTL_FAST_MATH = YES;
				SDKROOT = iphoneos;
				SWIFT_COMPILATION_MODE = wholemodule;
				SWIFT_OPTIMIZATION_LEVEL = "-O";
				VALIDATE_PRODUCT = YES;
			};
			name = Release;
		};
		B99DA86F29E1351F004CA61A /* Debug */ = {
			isa = XCBuildConfiguration;
			baseConfigurationReference = 60B499D483DC2718600B6CE9 /* Pods-Weather API in iOS.debug.xcconfig */;
			buildSettings = {
				ASSETCATALOG_COMPILER_APPICON_NAME = AppIcon;
				ASSETCATALOG_COMPILER_GLOBAL_ACCENT_COLOR_NAME = AccentColor;
				CODE_SIGN_STYLE = Automatic;
				CURRENT_PROJECT_VERSION = 1;
				GENERATE_INFOPLIST_FILE = YES;
				INFOPLIST_FILE = "Weather API in iOS/Info.plist";
				INFOPLIST_KEY_UIApplicationSupportsIndirectInputEvents = YES;
				INFOPLIST_KEY_UILaunchStoryboardName = LaunchScreen;
				INFOPLIST_KEY_UIMainStoryboardFile = Main;
				INFOPLIST_KEY_UISupportedInterfaceOrientations_iPad = "UIInterfaceOrientationPortrait UIInterfaceOrientationPortraitUpsideDown UIInterfaceOrientationLandscapeLeft UIInterfaceOrientationLandscapeRight";
				INFOPLIST_KEY_UISupportedInterfaceOrientations_iPhone = "UIInterfaceOrientationPortrait UIInterfaceOrientationLandscapeLeft UIInterfaceOrientationLandscapeRight";
				LD_RUNPATH_SEARCH_PATHS = (
					"$(inherited)",
					"@executable_path/Frameworks",
				);
				MARKETING_VERSION = 1.0;
				PRODUCT_BUNDLE_IDENTIFIER = "com.sakshiyelmame.Weather-API-in-iOS";
				PRODUCT_NAME = "$(TARGET_NAME)";
				SWIFT_EMIT_LOC_STRINGS = YES;
				SWIFT_VERSION = 5.0;
				TARGETED_DEVICE_FAMILY = "1,2";
			};
			name = Debug;
		};
		B99DA87029E1351F004CA61A /* Release */ = {
			isa = XCBuildConfiguration;
			baseConfigurationReference = 7FEFC64579C0149A9D2390A5 /* Pods-Weather API in iOS.release.xcconfig */;
			buildSettings = {
				ASSETCATALOG_COMPILER_APPICON_NAME = AppIcon;
				ASSETCATALOG_COMPILER_GLOBAL_ACCENT_COLOR_NAME = AccentColor;
				CODE_SIGN_STYLE = Automatic;
				CURRENT_PROJECT_VERSION = 1;
				GENERATE_INFOPLIST_FILE = YES;
				INFOPLIST_FILE = "Weather API in iOS/Info.plist";
				INFOPLIST_KEY_UIApplicationSupportsIndirectInputEvents = YES;
				INFOPLIST_KEY_UILaunchStoryboardName = LaunchScreen;
				INFOPLIST_KEY_UIMainStoryboardFile = Main;
				INFOPLIST_KEY_UISupportedInterfaceOrientations_iPad = "UIInterfaceOrientationPortrait UIInterfaceOrientationPortraitUpsideDown UIInterfaceOrientationLandscapeLeft UIInterfaceOrientationLandscapeRight";
				INFOPLIST_KEY_UISupportedInterfaceOrientations_iPhone = "UIInterfaceOrientationPortrait UIInterfaceOrientationLandscapeLeft UIInterfaceOrientationLandscapeRight";
				LD_RUNPATH_SEARCH_PATHS = (
					"$(inherited)",
					"@executable_path/Frameworks",
				);
				MARKETING_VERSION = 1.0;
				PRODUCT_BUNDLE_IDENTIFIER = "com.sakshiyelmame.Weather-API-in-iOS";
				PRODUCT_NAME = "$(TARGET_NAME)";
				SWIFT_EMIT_LOC_STRINGS = YES;
				SWIFT_VERSION = 5.0;
				TARGETED_DEVICE_FAMILY = "1,2";
			};
			name = Release;
		};
/* End XCBuildConfiguration section */

/* Begin XCConfigurationList section */
		B99DA85529E1351E004CA61A /* Build configuration list for PBXProject "Weather API in iOS" */ = {
			isa = XCConfigurationList;
			buildConfigurations = (
				B99DA86C29E1351F004CA61A /* Debug */,
				B99DA86D29E1351F004CA61A /* Release */,
			);
			defaultConfigurationIsVisible = 0;
			defaultConfigurationName = Release;
		};
		B99DA86E29E1351F004CA61A /* Build configuration list for PBXNativeTarget "Weather API in iOS" */ = {
			isa = XCConfigurationList;
			buildConfigurations = (
				B99DA86F29E1351F004CA61A /* Debug */,
				B99DA87029E1351F004CA61A /* Release */,
			);
			defaultConfigurationIsVisible = 0;
			defaultConfigurationName = Release;
		};
/* End XCConfigurationList section */
	};
	rootObject = B99DA85229E1351E004CA61A /* Project object */;
}
